
Microsoft Visual Studio Solution File, Format Version 12.00
# Visual Studio Version 17
VisualStudioVersion = 17.3.32825.248
MinimumVisualStudioVersion = 10.0.40219.1
Project("{8BC9CEB8-8B4A-11D0-8D11-00A0C91BC942}") = "继承", "继承\继承.vcxproj", "{0ADBDA3B-2D52-405E-8055-4F9202DB2F69}"
EndProject
Global
	GlobalSection(SolutionConfigurationPlatforms) = preSolution
		Debug|x64 = Debug|x64
		Debug|x86 = Debug|x86
		Release|x64 = Release|x64
		Release|x86 = Release|x86
	EndGlobalSection
	GlobalSection(ProjectConfigurationPlatforms) = postSolution
		{0ADBDA3B-2D52-405E-8055-4F9202DB2F69}.Debug|x64.ActiveCfg = Debug|x64
		{0ADBDA3B-2D52-405E-8055-4F9202DB2F69}.Debug|x64.Build.0 = Debug|x64
		{0ADBDA3B-2D52-405E-8055-4F9202DB2F69}.Debug|x86.ActiveCfg = Debug|Win32
		{0ADBDA3B-2D52-405E-8055-4F9202DB2F69}.Debug|x86.Build.0 = Debug|Win32
		{0ADBDA3B-2D52-405E-8055-4F9202DB2F69}.Release|x64.ActiveCfg = Release|x64
		{0ADBDA3B-2D52-405E-8055-4F9202DB2F69}.Release|x64.Build.0 = Release|x64
		{0ADBDA3B-2D52-405E-8055-4F9202DB2F69}.Release|x86.ActiveCfg = Release|Win32
		{0ADBDA3B-2D52-405E-8055-4F9202DB2F69}.Release|x86.Build.0 = Release|Win32
	EndGlobalSection
	GlobalSection(SolutionProperties) = preSolution
		HideSolutionNode = FALSE
	EndGlobalSection
	GlobalSection(ExtensibilityGlobals) = postSolution
		SolutionGuid = {688C15BF-D966-4CA8-BCC2-8B615C6B5DDE}
	EndGlobalSection
EndGlobal
